{
  "requires": true,
  "lockfileVersion": 1,
  "dependencies": {
    "countup.js": {
      "version": "1.9.3",
      "resolved": "https://registry.npmjs.org/countup.js/-/countup.js-1.9.3.tgz",
      "integrity": "sha1-zj5QzXFgRB5HjwfaMYle3MDxyd0="
    },
    "js-tokens": {
      "version": "4.0.0",
      "resolved": "https://registry.npmjs.org/js-tokens/-/js-tokens-4.0.0.tgz",
      "integrity": "sha512-RdJUflcE3cUzKiMqQgsCu06FPu9UdIJO0beYbPhHN4k6apgJtifcoCtT9bcxOpYBtpD2kCM6Sbzg4CausW/PKQ=="
    },
    "loose-envify": {
      "version": "1.4.0",
      "resolved": "https://registry.npmjs.org/loose-envify/-/loose-envify-1.4.0.tgz",
      "integrity": "sha512-lyuxPGr/Wfhrlem2CL/UcnUc1zcqKAImBDzukY7Y5F/yQiNdko6+fRLevlw1HgMySw7f611UIY408EtxRSoK3Q==",
      "requires": {
        "js-tokens": "4.0.0"
      }
    },
    "object-assign": {
      "version": "4.1.1",
      "resolved": "https://registry.npmjs.org/object-assign/-/object-assign-4.1.1.tgz",
      "integrity": "sha1-IQmtx5ZYh8/AXLvUQsrIv7s2CGM="
    },
    "prop-types": {
      "version": "15.6.2",
      "resolved": "https://registry.npmjs.org/prop-types/-/prop-types-15.6.2.tgz",
      "integrity": "sha512-3pboPvLiWD7dkI3qf3KbUe6hKFKa52w+AE0VCqECtf+QHAKgOL37tTaNCnuX1nAAQ4ZhyP+kYVKf8rLmJ/feDQ==",
      "requires": {
        "loose-envify": "1.4.0",
        "object-assign": "4.1.1"
      }
    },
    "react-countup": {
      "version": "4.0.0-alpha.6",
      "resolved": "https://registry.npmjs.org/react-countup/-/react-countup-4.0.0-alpha.6.tgz",
      "integrity": "sha512-qb+Q/MU6yl2xbZpxFLBuFqwbbMY/Ay/0+X7Dy2xkj5xOWqYutp5xtZD/sBSTE9OgaNt9CFuuVOxm6kwhfRJ90A==",
      "requires": {
        "countup.js": "1.9.3",
        "prop-types": "15.6.2",
        "warning": "4.0.2"
      }
    },
    "react-stripe-checkout": {
      "version": "2.6.3",
      "resolved": "https://registry.npmjs.org/react-stripe-checkout/-/react-stripe-checkout-2.6.3.tgz",
      "integrity": "sha1-MXOocLBOWjwyGgbSTNU8YDARHEU="
    },
    "redux-thunk": {
      "version": "2.3.0",
      "resolved": "https://registry.npmjs.org/redux-thunk/-/redux-thunk-2.3.0.tgz",
      "integrity": "sha512-km6dclyFnmcvxhAcrQV2AkZmPQjzPDjgVlQtR0EQjxZPyJ0BnMf3in1ryuR8A2qU0HldVRfxYXbFSKlI3N7Slw=="
    },
    "warning": {
      "version": "4.0.2",
      "resolved": "https://registry.npmjs.org/warning/-/warning-4.0.2.tgz",
      "integrity": "sha512-wbTp09q/9C+jJn4KKJfJfoS6VleK/Dti0yqWSm6KMvJ4MRCXFQNapHuJXutJIrWV0Cf4AhTdeIe4qdKHR1+Hug==",
      "requires": {
        "loose-envify": "1.4.0"
      }
    }
  }
}
